
Microsoft Visual Studio Solution File, Format Version 12.00
Project("{FAE04EC0-301F-11D3-BF4B-00C04F79EFBC}") = "DiamondKataSolver", "src\DiamondKataSolver\DiamondKataSolver.csproj", "{24046BA2-767E-48C5-B3A8-680ACCCBBDFB}"
EndProject
Project("{2150E333-8FDC-42A3-9474-1A3956D46DE8}") = "src", "src", "{1789CE29-FDDC-4175-9175-518619ED318E}"
EndProject
Project("{2150E333-8FDC-42A3-9474-1A3956D46DE8}") = "tests", "tests", "{6A67E8CD-11E6-42AD-BB28-99442A8EEDDB}"
EndProject
Project("{FAE04EC0-301F-11D3-BF4B-00C04F79EFBC}") = "DiamondKataSolverTests", "tests\DiamondKataSolverTests\DiamondKataSolverTests.csproj", "{7B615208-8B5C-46D6-8EC8-D0623FFB503D}"
EndProject
Global
	GlobalSection(SolutionConfigurationPlatforms) = preSolution
		Debug|Any CPU = Debug|Any CPU
		Release|Any CPU = Release|Any CPU
	EndGlobalSection
	GlobalSection(ProjectConfigurationPlatforms) = postSolution
		{24046BA2-767E-48C5-B3A8-680ACCCBBDFB}.Debug|Any CPU.ActiveCfg = Debug|Any CPU
		{24046BA2-767E-48C5-B3A8-680ACCCBBDFB}.Debug|Any CPU.Build.0 = Debug|Any CPU
		{24046BA2-767E-48C5-B3A8-680ACCCBBDFB}.Release|Any CPU.ActiveCfg = Release|Any CPU
		{24046BA2-767E-48C5-B3A8-680ACCCBBDFB}.Release|Any CPU.Build.0 = Release|Any CPU
		{7B615208-8B5C-46D6-8EC8-D0623FFB503D}.Debug|Any CPU.ActiveCfg = Debug|Any CPU
		{7B615208-8B5C-46D6-8EC8-D0623FFB503D}.Debug|Any CPU.Build.0 = Debug|Any CPU
		{7B615208-8B5C-46D6-8EC8-D0623FFB503D}.Release|Any CPU.ActiveCfg = Release|Any CPU
		{7B615208-8B5C-46D6-8EC8-D0623FFB503D}.Release|Any CPU.Build.0 = Release|Any CPU
	EndGlobalSection
	GlobalSection(NestedProjects) = preSolution
		{24046BA2-767E-48C5-B3A8-680ACCCBBDFB} = {1789CE29-FDDC-4175-9175-518619ED318E}
		{7B615208-8B5C-46D6-8EC8-D0623FFB503D} = {6A67E8CD-11E6-42AD-BB28-99442A8EEDDB}
	EndGlobalSection
EndGlobal
